
Microsoft Visual Studio Solution File, Format Version 12.00
# Visual Studio Version 17
VisualStudioVersion = 17.2.32616.157
MinimumVisualStudioVersion = 10.0.40219.1
Project("{9A19103F-16F7-4668-BE54-9A1E7A4F7556}") = "Event.Data", "Event.Data\Event.Data.csproj", "{94384A04-25FB-4979-8C3D-E0B4A70CBA60}"
EndProject
Project("{9A19103F-16F7-4668-BE54-9A1E7A4F7556}") = "Event.Business", "Event.Business\Event.Business.csproj", "{57618C24-C339-4CE0-B1C4-2B50B76591CA}"
EndProject
Project("{9A19103F-16F7-4668-BE54-9A1E7A4F7556}") = "Event.Client", "Event.Client\Event.Client.csproj", "{2C46F2CC-96B9-49D2-9AE0-B2FA682468B4}"
EndProject
Project("{FAE04EC0-301F-11D3-BF4B-00C04F79EFBC}") = "UnitTesting", "UnitTesting\UnitTesting.csproj", "{3EE87916-15E5-4C10-B2CA-93B7E38AF935}"
EndProject
Global
	GlobalSection(SolutionConfigurationPlatforms) = preSolution
		Debug|Any CPU = Debug|Any CPU
		Release|Any CPU = Release|Any CPU
	EndGlobalSection
	GlobalSection(ProjectConfigurationPlatforms) = postSolution
		{94384A04-25FB-4979-8C3D-E0B4A70CBA60}.Debug|Any CPU.ActiveCfg = Debug|Any CPU
		{94384A04-25FB-4979-8C3D-E0B4A70CBA60}.Debug|Any CPU.Build.0 = Debug|Any CPU
		{94384A04-25FB-4979-8C3D-E0B4A70CBA60}.Release|Any CPU.ActiveCfg = Release|Any CPU
		{94384A04-25FB-4979-8C3D-E0B4A70CBA60}.Release|Any CPU.Build.0 = Release|Any CPU
		{57618C24-C339-4CE0-B1C4-2B50B76591CA}.Debug|Any CPU.ActiveCfg = Debug|Any CPU
		{57618C24-C339-4CE0-B1C4-2B50B76591CA}.Debug|Any CPU.Build.0 = Debug|Any CPU
		{57618C24-C339-4CE0-B1C4-2B50B76591CA}.Release|Any CPU.ActiveCfg = Release|Any CPU
		{57618C24-C339-4CE0-B1C4-2B50B76591CA}.Release|Any CPU.Build.0 = Release|Any CPU
		{2C46F2CC-96B9-49D2-9AE0-B2FA682468B4}.Debug|Any CPU.ActiveCfg = Debug|Any CPU
		{2C46F2CC-96B9-49D2-9AE0-B2FA682468B4}.Debug|Any CPU.Build.0 = Debug|Any CPU
		{2C46F2CC-96B9-49D2-9AE0-B2FA682468B4}.Release|Any CPU.ActiveCfg = Release|Any CPU
		{2C46F2CC-96B9-49D2-9AE0-B2FA682468B4}.Release|Any CPU.Build.0 = Release|Any CPU
		{3EE87916-15E5-4C10-B2CA-93B7E38AF935}.Debug|Any CPU.ActiveCfg = Debug|Any CPU
		{3EE87916-15E5-4C10-B2CA-93B7E38AF935}.Debug|Any CPU.Build.0 = Debug|Any CPU
		{3EE87916-15E5-4C10-B2CA-93B7E38AF935}.Release|Any CPU.ActiveCfg = Release|Any CPU
		{3EE87916-15E5-4C10-B2CA-93B7E38AF935}.Release|Any CPU.Build.0 = Release|Any CPU
	EndGlobalSection
	GlobalSection(SolutionProperties) = preSolution
		HideSolutionNode = FALSE
	EndGlobalSection
	GlobalSection(ExtensibilityGlobals) = postSolution
		SolutionGuid = {CAC7500B-ADBF-4C0C-A904-C54977A9F384}
	EndGlobalSection
EndGlobal
